// !$*UTF8*$!
{
	archiveVersion = 1;
	classes = {
	};
	objectVersion = 50;
	objects = {

/* Begin PBXBuildFile section */
		A834CA6A253333E100656D4F /* AppDelegate.swift in Sources */ = {isa = PBXBuildFile; fileRef = A834CA69253333E100656D4F /* AppDelegate.swift */; };
		A834CA6C253333E100656D4F /* SceneDelegate.swift in Sources */ = {isa = PBXBuildFile; fileRef = A834CA6B253333E100656D4F /* SceneDelegate.swift */; };
		A834CA6E253333E100656D4F /* ViewController.swift in Sources */ = {isa = PBXBuildFile; fileRef = A834CA6D253333E100656D4F /* ViewController.swift */; };
		A834CA73253333E500656D4F /* Assets.xcassets in Resources */ = {isa = PBXBuildFile; fileRef = A834CA72253333E500656D4F /* Assets.xcassets */; };
		A834CA76253333E500656D4F /* LaunchScreen.storyboard in Resources */ = {isa = PBXBuildFile; fileRef = A834CA74253333E500656D4F /* LaunchScreen.storyboard */; };
		A834CA822533470600656D4F /* SearchVC.swift in Sources */ = {isa = PBXBuildFile; fileRef = A834CA812533470600656D4F /* SearchVC.swift */; };
		A834CA852533473800656D4F /* FavoriteVC.swift in Sources */ = {isa = PBXBuildFile; fileRef = A834CA842533473800656D4F /* FavoriteVC.swift */; };
		A8912ED82534E1AE0048EE7F /* GFButton.swift in Sources */ = {isa = PBXBuildFile; fileRef = A8912ED72534E1AE0048EE7F /* GFButton.swift */; };
		A8912EDB2534E4B70048EE7F /* GFTextField.swift in Sources */ = {isa = PBXBuildFile; fileRef = A8912EDA2534E4B70048EE7F /* GFTextField.swift */; };
		A8912EDE253612500048EE7F /* FollowerListVC.swift in Sources */ = {isa = PBXBuildFile; fileRef = A8912EDD253612500048EE7F /* FollowerListVC.swift */; };
		A8912EE125361C5F0048EE7F /* GFTitleLabel.swift in Sources */ = {isa = PBXBuildFile; fileRef = A8912EE025361C5F0048EE7F /* GFTitleLabel.swift */; };
		A8912EE425361DB50048EE7F /* GFBodyLabel.swift in Sources */ = {isa = PBXBuildFile; fileRef = A8912EE325361DB50048EE7F /* GFBodyLabel.swift */; };
		A8912EE725361EDC0048EE7F /* CFAlertVC.swift in Sources */ = {isa = PBXBuildFile; fileRef = A8912EE625361EDC0048EE7F /* CFAlertVC.swift */; };
		A8912EEA253626290048EE7F /* UIViewController + Extention.swift in Sources */ = {isa = PBXBuildFile; fileRef = A8912EE9253626290048EE7F /* UIViewController + Extention.swift */; };
		A8A709A12537646500F27DF7 /* Follower.swift in Sources */ = {isa = PBXBuildFile; fileRef = A8A709A02537646500F27DF7 /* Follower.swift */; };
		A8A709A42537652C00F27DF7 /* User.swift in Sources */ = {isa = PBXBuildFile; fileRef = A8A709A32537652C00F27DF7 /* User.swift */; };
		A8A709AC25376AC000F27DF7 /* NetworkManager.swift in Sources */ = {isa = PBXBuildFile; fileRef = A8A709AB25376AC000F27DF7 /* NetworkManager.swift */; };
		A8A709DD2538B43B00F27DF7 /* ErrorMessage.swift in Sources */ = {isa = PBXBuildFile; fileRef = A8A709DC2538B43B00F27DF7 /* ErrorMessage.swift */; };
		A8A709E22538BCEC00F27DF7 /* FollowerCell.swift in Sources */ = {isa = PBXBuildFile; fileRef = A8A709E12538BCEC00F27DF7 /* FollowerCell.swift */; };
		A8A709E52538BD6C00F27DF7 /* GFAvatarImageView.swift in Sources */ = {isa = PBXBuildFile; fileRef = A8A709E42538BD6C00F27DF7 /* GFAvatarImageView.swift */; };
		A8A709E8253A097600F27DF7 /* UIHelper.swift in Sources */ = {isa = PBXBuildFile; fileRef = A8A709E7253A097600F27DF7 /* UIHelper.swift */; };
		A8A709F1253B204C00F27DF7 /* GFEmptyStateView.swift in Sources */ = {isa = PBXBuildFile; fileRef = A8A709F0253B204C00F27DF7 /* GFEmptyStateView.swift */; };
		A8A709F6253CB89400F27DF7 /* UserInfoVC.swift in Sources */ = {isa = PBXBuildFile; fileRef = A8A709F5253CB89400F27DF7 /* UserInfoVC.swift */; };
		A8A709FA253DF82C00F27DF7 /* GFUserInfoHeader.swift in Sources */ = {isa = PBXBuildFile; fileRef = A8A709F9253DF82C00F27DF7 /* GFUserInfoHeader.swift */; };
		A8A709FD253DF89200F27DF7 /* GFSecondaryTitleLabel.swift in Sources */ = {isa = PBXBuildFile; fileRef = A8A709FC253DF89200F27DF7 /* GFSecondaryTitleLabel.swift */; };
		A8A70A00253DFFCE00F27DF7 /* Constants.swift in Sources */ = {isa = PBXBuildFile; fileRef = A8A709FF253DFFCE00F27DF7 /* Constants.swift */; };
		A8A70A03253E1B2600F27DF7 /* CGItemInfoView.swift in Sources */ = {isa = PBXBuildFile; fileRef = A8A70A02253E1B2600F27DF7 /* CGItemInfoView.swift */; };
/* End PBXBuildFile section */

/* Begin PBXFileReference section */
		A834CA66253333E100656D4F /* GitHub.app */ = {isa = PBXFileReference; explicitFileType = wrapper.application; includeInIndex = 0; path = GitHub.app; sourceTree = BUILT_PRODUCTS_DIR; };
		A834CA69253333E100656D4F /* AppDelegate.swift */ = {isa = PBXFileReference; lastKnownFileType = sourcecode.swift; path = AppDelegate.swift; sourceTree = "<group>"; };
		A834CA6B253333E100656D4F /* SceneDelegate.swift */ = {isa = PBXFileReference; lastKnownFileType = sourcecode.swift; path = SceneDelegate.swift; sourceTree = "<group>"; };
		A834CA6D253333E100656D4F /* ViewController.swift */ = {isa = PBXFileReference; lastKnownFileType = sourcecode.swift; path = ViewController.swift; sourceTree = "<group>"; };
		A834CA72253333E500656D4F /* Assets.xcassets */ = {isa = PBXFileReference; lastKnownFileType = folder.assetcatalog; path = Assets.xcassets; sourceTree = "<group>"; };
		A834CA75253333E500656D4F /* Base */ = {isa = PBXFileReference; lastKnownFileType = file.storyboard; name = Base; path = Base.lproj/LaunchScreen.storyboard; sourceTree = "<group>"; };
		A834CA77253333E500656D4F /* Info.plist */ = {isa = PBXFileReference; lastKnownFileType = text.plist.xml; path = Info.plist; sourceTree = "<group>"; };
		A834CA812533470600656D4F /* SearchVC.swift */ = {isa = PBXFileReference; lastKnownFileType = sourcecode.swift; path = SearchVC.swift; sourceTree = "<group>"; };
		A834CA842533473800656D4F /* FavoriteVC.swift */ = {isa = PBXFileReference; lastKnownFileType = sourcecode.swift; path = FavoriteVC.swift; sourceTree = "<group>"; };
		A8912ED72534E1AE0048EE7F /* GFButton.swift */ = {isa = PBXFileReference; lastKnownFileType = sourcecode.swift; path = GFButton.swift; sourceTree = "<group>"; };
		A8912EDA2534E4B70048EE7F /* GFTextField.swift */ = {isa = PBXFileReference; lastKnownFileType = sourcecode.swift; path = GFTextField.swift; sourceTree = "<group>"; };
		A8912EDD253612500048EE7F /* FollowerListVC.swift */ = {isa = PBXFileReference; lastKnownFileType = sourcecode.swift; path = FollowerListVC.swift; sourceTree = "<group>"; };
		A8912EE025361C5F0048EE7F /* GFTitleLabel.swift */ = {isa = PBXFileReference; lastKnownFileType = sourcecode.swift; path = GFTitleLabel.swift; sourceTree = "<group>"; };
		A8912EE325361DB50048EE7F /* GFBodyLabel.swift */ = {isa = PBXFileReference; lastKnownFileType = sourcecode.swift; path = GFBodyLabel.swift; sourceTree = "<group>"; };
		A8912EE625361EDC0048EE7F /* CFAlertVC.swift */ = {isa = PBXFileReference; lastKnownFileType = sourcecode.swift; path = CFAlertVC.swift; sourceTree = "<group>"; };
		A8912EE9253626290048EE7F /* UIViewController + Extention.swift */ = {isa = PBXFileReference; lastKnownFileType = sourcecode.swift; path = "UIViewController + Extention.swift"; sourceTree = "<group>"; };
		A8A709A02537646500F27DF7 /* Follower.swift */ = {isa = PBXFileReference; lastKnownFileType = sourcecode.swift; path = Follower.swift; sourceTree = "<group>"; };
		A8A709A32537652C00F27DF7 /* User.swift */ = {isa = PBXFileReference; lastKnownFileType = sourcecode.swift; path = User.swift; sourceTree = "<group>"; };
		A8A709AB25376AC000F27DF7 /* NetworkManager.swift */ = {isa = PBXFileReference; lastKnownFileType = sourcecode.swift; path = NetworkManager.swift; sourceTree = "<group>"; };
		A8A709DC2538B43B00F27DF7 /* ErrorMessage.swift */ = {isa = PBXFileReference; lastKnownFileType = sourcecode.swift; path = ErrorMessage.swift; sourceTree = "<group>"; };
		A8A709E12538BCEC00F27DF7 /* FollowerCell.swift */ = {isa = PBXFileReference; lastKnownFileType = sourcecode.swift; path = FollowerCell.swift; sourceTree = "<group>"; };
		A8A709E42538BD6C00F27DF7 /* GFAvatarImageView.swift */ = {isa = PBXFileReference; lastKnownFileType = sourcecode.swift; path = GFAvatarImageView.swift; sourceTree = "<group>"; };
		A8A709E7253A097600F27DF7 /* UIHelper.swift */ = {isa = PBXFileReference; lastKnownFileType = sourcecode.swift; path = UIHelper.swift; sourceTree = "<group>"; };
		A8A709F0253B204C00F27DF7 /* GFEmptyStateView.swift */ = {isa = PBXFileReference; lastKnownFileType = sourcecode.swift; path = GFEmptyStateView.swift; sourceTree = "<group>"; };
		A8A709F5253CB89400F27DF7 /* UserInfoVC.swift */ = {isa = PBXFileReference; lastKnownFileType = sourcecode.swift; path = UserInfoVC.swift; sourceTree = "<group>"; };
		A8A709F9253DF82C00F27DF7 /* GFUserInfoHeader.swift */ = {isa = PBXFileReference; lastKnownFileType = sourcecode.swift; path = GFUserInfoHeader.swift; sourceTree = "<group>"; };
		A8A709FC253DF89200F27DF7 /* GFSecondaryTitleLabel.swift */ = {isa = PBXFileReference; lastKnownFileType = sourcecode.swift; path = GFSecondaryTitleLabel.swift; sourceTree = "<group>"; };
		A8A709FF253DFFCE00F27DF7 /* Constants.swift */ = {isa = PBXFileReference; lastKnownFileType = sourcecode.swift; path = Constants.swift; sourceTree = "<group>"; };
		A8A70A02253E1B2600F27DF7 /* CGItemInfoView.swift */ = {isa = PBXFileReference; lastKnownFileType = sourcecode.swift; path = CGItemInfoView.swift; sourceTree = "<group>"; };
/* End PBXFileReference section */

/* Begin PBXFrameworksBuildPhase section */
		A834CA63253333E100656D4F /* Frameworks */ = {
			isa = PBXFrameworksBuildPhase;
			buildActionMask = 2147483647;
			files = (
			);
			runOnlyForDeploymentPostprocessing = 0;
		};
/* End PBXFrameworksBuildPhase section */

/* Begin PBXGroup section */
		A834CA5D253333E100656D4F = {
			isa = PBXGroup;
			children = (
				A834CA68253333E100656D4F /* GitHub */,
				A8912EEF253640460048EE7F /* Support */,
				A834CA67253333E100656D4F /* Products */,
			);
			sourceTree = "<group>";
		};
		A834CA67253333E100656D4F /* Products */ = {
			isa = PBXGroup;
			children = (
				A834CA66253333E100656D4F /* GitHub.app */,
			);
			name = Products;
			sourceTree = "<group>";
		};
		A834CA68253333E100656D4F /* GitHub */ = {
			isa = PBXGroup;
			children = (
				A8A709DB2538B3CD00F27DF7 /* Utilites */,
				A834CA77253333E500656D4F /* Info.plist */,
				A8A709AA25376AA200F27DF7 /* Managers */,
				A8A7099F2537645100F27DF7 /* Model */,
				A8912EEC25363F780048EE7F /* Screens */,
				A8912EED25363FAD0048EE7F /* Custom Views */,
				A8912EEE25363FDE0048EE7F /* Extensions */,
			);
			path = GitHub;
			sourceTree = "<group>";
		};
		A8912EEC25363F780048EE7F /* Screens */ = {
			isa = PBXGroup;
			children = (
				A834CA812533470600656D4F /* SearchVC.swift */,
				A834CA842533473800656D4F /* FavoriteVC.swift */,
				A8912EDD253612500048EE7F /* FollowerListVC.swift */,
				A8A709F5253CB89400F27DF7 /* UserInfoVC.swift */,
			);
			path = Screens;
			sourceTree = "<group>";
		};
		A8912EED25363FAD0048EE7F /* Custom Views */ = {
			isa = PBXGroup;
			children = (
				A8A709EF253B1FE300F27DF7 /* Labels */,
				A8A709EE253B1FAB00F27DF7 /* Views */,
				A8A709ED253B1FA000F27DF7 /* Buttons */,
				A8A709EC253B1F9300F27DF7 /* TextFields */,
				A8A709EB253B1F8400F27DF7 /* ImageViews */,
				A8A709EA253B1F7700F27DF7 /* ViewControllers */,
				A8A709E02538BCCA00F27DF7 /* Cells */,
			);
			path = "Custom Views";
			sourceTree = "<group>";
		};
		A8912EEE25363FDE0048EE7F /* Extensions */ = {
			isa = PBXGroup;
			children = (
				A8912EE9253626290048EE7F /* UIViewController + Extention.swift */,
			);
			path = Extensions;
			sourceTree = "<group>";
		};
		A8912EEF253640460048EE7F /* Support */ = {
			isa = PBXGroup;
			children = (
				A834CA6D253333E100656D4F /* ViewController.swift */,
				A834CA69253333E100656D4F /* AppDelegate.swift */,
				A834CA6B253333E100656D4F /* SceneDelegate.swift */,
				A834CA72253333E500656D4F /* Assets.xcassets */,
				A834CA74253333E500656D4F /* LaunchScreen.storyboard */,
			);
			path = Support;
			sourceTree = "<group>";
		};
		A8A7099F2537645100F27DF7 /* Model */ = {
			isa = PBXGroup;
			children = (
				A8A709A02537646500F27DF7 /* Follower.swift */,
				A8A709A32537652C00F27DF7 /* User.swift */,
			);
			path = Model;
			sourceTree = "<group>";
		};
		A8A709AA25376AA200F27DF7 /* Managers */ = {
			isa = PBXGroup;
			children = (
				A8A709AB25376AC000F27DF7 /* NetworkManager.swift */,
			);
			path = Managers;
			sourceTree = "<group>";
		};
		A8A709DB2538B3CD00F27DF7 /* Utilites */ = {
			isa = PBXGroup;
			children = (
				A8A709DC2538B43B00F27DF7 /* ErrorMessage.swift */,
				A8A709E7253A097600F27DF7 /* UIHelper.swift */,
				A8A709FF253DFFCE00F27DF7 /* Constants.swift */,
			);
			path = Utilites;
			sourceTree = "<group>";
		};
		A8A709E02538BCCA00F27DF7 /* Cells */ = {
			isa = PBXGroup;
			children = (
				A8A709E12538BCEC00F27DF7 /* FollowerCell.swift */,
			);
			path = Cells;
			sourceTree = "<group>";
		};
		A8A709EA253B1F7700F27DF7 /* ViewControllers */ = {
			isa = PBXGroup;
			children = (
				A8912EE625361EDC0048EE7F /* CFAlertVC.swift */,
				A8A709F9253DF82C00F27DF7 /* GFUserInfoHeader.swift */,
			);
			path = ViewControllers;
			sourceTree = "<group>";
		};
		A8A709EB253B1F8400F27DF7 /* ImageViews */ = {
			isa = PBXGroup;
			children = (
				A8A709E42538BD6C00F27DF7 /* GFAvatarImageView.swift */,
			);
			path = ImageViews;
			sourceTree = "<group>";
		};
		A8A709EC253B1F9300F27DF7 /* TextFields */ = {
			isa = PBXGroup;
			children = (
				A8912EDA2534E4B70048EE7F /* GFTextField.swift */,
			);
			path = TextFields;
			sourceTree = "<group>";
		};
		A8A709ED253B1FA000F27DF7 /* Buttons */ = {
			isa = PBXGroup;
			children = (
				A8912ED72534E1AE0048EE7F /* GFButton.swift */,
			);
			path = Buttons;
			sourceTree = "<group>";
		};
		A8A709EE253B1FAB00F27DF7 /* Views */ = {
			isa = PBXGroup;
			children = (
				A8A709F0253B204C00F27DF7 /* GFEmptyStateView.swift */,
				A8A70A02253E1B2600F27DF7 /* CGItemInfoView.swift */,
			);
			path = Views;
			sourceTree = "<group>";
		};
		A8A709EF253B1FE300F27DF7 /* Labels */ = {
			isa = PBXGroup;
			children = (
				A8912EE025361C5F0048EE7F /* GFTitleLabel.swift */,
				A8912EE325361DB50048EE7F /* GFBodyLabel.swift */,
				A8A709FC253DF89200F27DF7 /* GFSecondaryTitleLabel.swift */,
			);
			path = Labels;
			sourceTree = "<group>";
		};
/* End PBXGroup section */

/* Begin PBXNativeTarget section */
		A834CA65253333E100656D4F /* GitHub */ = {
			isa = PBXNativeTarget;
			buildConfigurationList = A834CA7A253333E500656D4F /* Build configuration list for PBXNativeTarget "GitHub" */;
			buildPhases = (
				A834CA62253333E100656D4F /* Sources */,
				A834CA63253333E100656D4F /* Frameworks */,
				A834CA64253333E100656D4F /* Resources */,
			);
			buildRules = (
			);
			dependencies = (
			);
			name = GitHub;
			productName = GitHub;
			productReference = A834CA66253333E100656D4F /* GitHub.app */;
			productType = "com.apple.product-type.application";
		};
/* End PBXNativeTarget section */

/* Begin PBXProject section */
		A834CA5E253333E100656D4F /* Project object */ = {
			isa = PBXProject;
			attributes = {
				LastSwiftUpdateCheck = 1200;
				LastUpgradeCheck = 1200;
				TargetAttributes = {
					A834CA65253333E100656D4F = {
						CreatedOnToolsVersion = 12.0.1;
					};
				};
			};
			buildConfigurationList = A834CA61253333E100656D4F /* Build configuration list for PBXProject "GitHub" */;
			compatibilityVersion = "Xcode 9.3";
			developmentRegion = en;
			hasScannedForEncodings = 0;
			knownRegions = (
				en,
				Base,
			);
			mainGroup = A834CA5D253333E100656D4F;
			productRefGroup = A834CA67253333E100656D4F /* Products */;
			projectDirPath = "";
			projectRoot = "";
			targets = (
				A834CA65253333E100656D4F /* GitHub */,
			);
		};
/* End PBXProject section */

/* Begin PBXResourcesBuildPhase section */
		A834CA64253333E100656D4F /* Resources */ = {
			isa = PBXResourcesBuildPhase;
			buildActionMask = 2147483647;
			files = (
				A834CA76253333E500656D4F /* LaunchScreen.storyboard in Resources */,
				A834CA73253333E500656D4F /* Assets.xcassets in Resources */,
			);
			runOnlyForDeploymentPostprocessing = 0;
		};
/* End PBXResourcesBuildPhase section */

/* Begin PBXSourcesBuildPhase section */
		A834CA62253333E100656D4F /* Sources */ = {
			isa = PBXSourcesBuildPhase;
			buildActionMask = 2147483647;
			files = (
				A834CA822533470600656D4F /* SearchVC.swift in Sources */,
				A834CA6E253333E100656D4F /* ViewController.swift in Sources */,
				A8A70A03253E1B2600F27DF7 /* CGItemInfoView.swift in Sources */,
				A8912ED82534E1AE0048EE7F /* GFButton.swift in Sources */,
				A834CA6A253333E100656D4F /* AppDelegate.swift in Sources */,
				A834CA6C253333E100656D4F /* SceneDelegate.swift in Sources */,
				A8A709F1253B204C00F27DF7 /* GFEmptyStateView.swift in Sources */,
				A834CA852533473800656D4F /* FavoriteVC.swift in Sources */,
				A8A709FD253DF89200F27DF7 /* GFSecondaryTitleLabel.swift in Sources */,
				A8A709A42537652C00F27DF7 /* User.swift in Sources */,
				A8A709E22538BCEC00F27DF7 /* FollowerCell.swift in Sources */,
				A8A709E52538BD6C00F27DF7 /* GFAvatarImageView.swift in Sources */,
				A8912EE125361C5F0048EE7F /* GFTitleLabel.swift in Sources */,
				A8A709F6253CB89400F27DF7 /* UserInfoVC.swift in Sources */,
				A8A709A12537646500F27DF7 /* Follower.swift in Sources */,
				A8912EE725361EDC0048EE7F /* CFAlertVC.swift in Sources */,
				A8912EDE253612500048EE7F /* FollowerListVC.swift in Sources */,
				A8912EDB2534E4B70048EE7F /* GFTextField.swift in Sources */,
				A8A709FA253DF82C00F27DF7 /* GFUserInfoHeader.swift in Sources */,
				A8A709DD2538B43B00F27DF7 /* ErrorMessage.swift in Sources */,
				A8A709E8253A097600F27DF7 /* UIHelper.swift in Sources */,
				A8A709AC25376AC000F27DF7 /* NetworkManager.swift in Sources */,
				A8912EE425361DB50048EE7F /* GFBodyLabel.swift in Sources */,
				A8912EEA253626290048EE7F /* UIViewController + Extention.swift in Sources */,
				A8A70A00253DFFCE00F27DF7 /* Constants.swift in Sources */,
			);
			runOnlyForDeploymentPostprocessing = 0;
		};
/* End PBXSourcesBuildPhase section */

/* Begin PBXVariantGroup section */
		A834CA74253333E500656D4F /* LaunchScreen.storyboard */ = {
			isa = PBXVariantGroup;
			children = (
				A834CA75253333E500656D4F /* Base */,
			);
			name = LaunchScreen.storyboard;
			sourceTree = "<group>";
		};
/* End PBXVariantGroup section */

/* Begin XCBuildConfiguration section */
		A834CA78253333E500656D4F /* Debug */ = {
			isa = XCBuildConfiguration;
			buildSettings = {
				ALWAYS_SEARCH_USER_PATHS = NO;
				CLANG_ANALYZER_NONNULL = YES;
				CLANG_ANALYZER_NUMBER_OBJECT_CONVERSION = YES_AGGRESSIVE;
				CLANG_CXX_LANGUAGE_STANDARD = "gnu++14";
				CLANG_CXX_LIBRARY = "libc++";
				CLANG_ENABLE_MODULES = YES;
				CLANG_ENABLE_OBJC_ARC = YES;
				CLANG_ENABLE_OBJC_WEAK = YES;
				CLANG_WARN_BLOCK_CAPTURE_AUTORELEASING = YES;
				CLANG_WARN_BOOL_CONVERSION = YES;
				CLANG_WARN_COMMA = YES;
				CLANG_WARN_CONSTANT_CONVERSION = YES;
				CLANG_WARN_DEPRECATED_OBJC_IMPLEMENTATIONS = YES;
				CLANG_WARN_DIRECT_OBJC_ISA_USAGE = YES_ERROR;
				CLANG_WARN_DOCUMENTATION_COMMENTS = YES;
				CLANG_WARN_EMPTY_BODY = YES;
				CLANG_WARN_ENUM_CONVERSION = YES;
				CLANG_WARN_INFINITE_RECURSION = YES;
				CLANG_WARN_INT_CONVERSION = YES;
				CLANG_WARN_NON_LITERAL_NULL_CONVERSION = YES;
				CLANG_WARN_OBJC_IMPLICIT_RETAIN_SELF = YES;
				CLANG_WARN_OBJC_LITERAL_CONVERSION = YES;
				CLANG_WARN_OBJC_ROOT_CLASS = YES_ERROR;
				CLANG_WARN_QUOTED_INCLUDE_IN_FRAMEWORK_HEADER = YES;
				CLANG_WARN_RANGE_LOOP_ANALYSIS = YES;
				CLANG_WARN_STRICT_PROTOTYPES = YES;
				CLANG_WARN_SUSPICIOUS_MOVE = YES;
				CLANG_WARN_UNGUARDED_AVAILABILITY = YES_AGGRESSIVE;
				CLANG_WARN_UNREACHABLE_CODE = YES;
				CLANG_WARN__DUPLICATE_METHOD_MATCH = YES;
				COPY_PHASE_STRIP = NO;
				DEBUG_INFORMATION_FORMAT = dwarf;
				ENABLE_STRICT_OBJC_MSGSEND = YES;
				ENABLE_TESTABILITY = YES;
				GCC_C_LANGUAGE_STANDARD = gnu11;
				GCC_DYNAMIC_NO_PIC = NO;
				GCC_NO_COMMON_BLOCKS = YES;
				GCC_OPTIMIZATION_LEVEL = 0;
				GCC_PREPROCESSOR_DEFINITIONS = (
					"DEBUG=1",
					"$(inherited)",
				);
				GCC_WARN_64_TO_32_BIT_CONVERSION = YES;
				GCC_WARN_ABOUT_RETURN_TYPE = YES_ERROR;
				GCC_WARN_UNDECLARED_SELECTOR = YES;
				GCC_WARN_UNINITIALIZED_AUTOS = YES_AGGRESSIVE;
				GCC_WARN_UNUSED_FUNCTION = YES;
				GCC_WARN_UNUSED_VARIABLE = YES;
				IPHONEOS_DEPLOYMENT_TARGET = 14.0;
				MTL_ENABLE_DEBUG_INFO = INCLUDE_SOURCE;
				MTL_FAST_MATH = YES;
				ONLY_ACTIVE_ARCH = YES;
				SDKROOT = iphoneos;
				SWIFT_ACTIVE_COMPILATION_CONDITIONS = DEBUG;
				SWIFT_OPTIMIZATION_LEVEL = "-Onone";
			};
			name = Debug;
		};
		A834CA79253333E500656D4F /* Release */ = {
			isa = XCBuildConfiguration;
			buildSettings = {
				ALWAYS_SEARCH_USER_PATHS = NO;
				CLANG_ANALYZER_NONNULL = YES;
				CLANG_ANALYZER_NUMBER_OBJECT_CONVERSION = YES_AGGRESSIVE;
				CLANG_CXX_LANGUAGE_STANDARD = "gnu++14";
				CLANG_CXX_LIBRARY = "libc++";
				CLANG_ENABLE_MODULES = YES;
				CLANG_ENABLE_OBJC_ARC = YES;
				CLANG_ENABLE_OBJC_WEAK = YES;
				CLANG_WARN_BLOCK_CAPTURE_AUTORELEASING = YES;
				CLANG_WARN_BOOL_CONVERSION = YES;
				CLANG_WARN_COMMA = YES;
				CLANG_WARN_CONSTANT_CONVERSION = YES;
				CLANG_WARN_DEPRECATED_OBJC_IMPLEMENTATIONS = YES;
				CLANG_WARN_DIRECT_OBJC_ISA_USAGE = YES_ERROR;
				CLANG_WARN_DOCUMENTATION_COMMENTS = YES;
				CLANG_WARN_EMPTY_BODY = YES;
				CLANG_WARN_ENUM_CONVERSION = YES;
				CLANG_WARN_INFINITE_RECURSION = YES;
				CLANG_WARN_INT_CONVERSION = YES;
				CLANG_WARN_NON_LITERAL_NULL_CONVERSION = YES;
				CLANG_WARN_OBJC_IMPLICIT_RETAIN_SELF = YES;
				CLANG_WARN_OBJC_LITERAL_CONVERSION = YES;
				CLANG_WARN_OBJC_ROOT_CLASS = YES_ERROR;
				CLANG_WARN_QUOTED_INCLUDE_IN_FRAMEWORK_HEADER = YES;
				CLANG_WARN_RANGE_LOOP_ANALYSIS = YES;
				CLANG_WARN_STRICT_PROTOTYPES = YES;
				CLANG_WARN_SUSPICIOUS_MOVE = YES;
				CLANG_WARN_UNGUARDED_AVAILABILITY = YES_AGGRESSIVE;
				CLANG_WARN_UNREACHABLE_CODE = YES;
				CLANG_WARN__DUPLICATE_METHOD_MATCH = YES;
				COPY_PHASE_STRIP = NO;
				DEBUG_INFORMATION_FORMAT = "dwarf-with-dsym";
				ENABLE_NS_ASSERTIONS = NO;
				ENABLE_STRICT_OBJC_MSGSEND = YES;
				GCC_C_LANGUAGE_STANDARD = gnu11;
				GCC_NO_COMMON_BLOCKS = YES;
				GCC_WARN_64_TO_32_BIT_CONVERSION = YES;
				GCC_WARN_ABOUT_RETURN_TYPE = YES_ERROR;
				GCC_WARN_UNDECLARED_SELECTOR = YES;
				GCC_WARN_UNINITIALIZED_AUTOS = YES_AGGRESSIVE;
				GCC_WARN_UNUSED_FUNCTION = YES;
				GCC_WARN_UNUSED_VARIABLE = YES;
				IPHONEOS_DEPLOYMENT_TARGET = 14.0;
				MTL_ENABLE_DEBUG_INFO = NO;
				MTL_FAST_MATH = YES;
				SDKROOT = iphoneos;
				SWIFT_COMPILATION_MODE = wholemodule;
				SWIFT_OPTIMIZATION_LEVEL = "-O";
				VALIDATE_PRODUCT = YES;
			};
			name = Release;
		};
		A834CA7B253333E500656D4F /* Debug */ = {
			isa = XCBuildConfiguration;
			buildSettings = {
				ASSETCATALOG_COMPILER_APPICON_NAME = AppIcon;
				ASSETCATALOG_COMPILER_GLOBAL_ACCENT_COLOR_NAME = AccentColor;
				CODE_SIGN_STYLE = Automatic;
				DEVELOPMENT_TEAM = TGJ4YLCGH4;
				INFOPLIST_FILE = GitHub/Info.plist;
				LD_RUNPATH_SEARCH_PATHS = (
					"$(inherited)",
					"@executable_path/Frameworks",
				);
				PRODUCT_BUNDLE_IDENTIFIER = "Daniil-Statiev.GitHub";
				PRODUCT_NAME = "$(TARGET_NAME)";
				SWIFT_VERSION = 5.0;
				TARGETED_DEVICE_FAMILY = 1;
			};
			name = Debug;
		};
		A834CA7C253333E500656D4F /* Release */ = {
			isa = XCBuildConfiguration;
			buildSettings = {
				ASSETCATALOG_COMPILER_APPICON_NAME = AppIcon;
				ASSETCATALOG_COMPILER_GLOBAL_ACCENT_COLOR_NAME = AccentColor;
				CODE_SIGN_STYLE = Automatic;
				DEVELOPMENT_TEAM = TGJ4YLCGH4;
				INFOPLIST_FILE = GitHub/Info.plist;
				LD_RUNPATH_SEARCH_PATHS = (
					"$(inherited)",
					"@executable_path/Frameworks",
				);
				PRODUCT_BUNDLE_IDENTIFIER = "Daniil-Statiev.GitHub";
				PRODUCT_NAME = "$(TARGET_NAME)";
				SWIFT_VERSION = 5.0;
				TARGETED_DEVICE_FAMILY = 1;
			};
			name = Release;
		};
/* End XCBuildConfiguration section */

/* Begin XCConfigurationList section */
		A834CA61253333E100656D4F /* Build configuration list for PBXProject "GitHub" */ = {
			isa = XCConfigurationList;
			buildConfigurations = (
				A834CA78253333E500656D4F /* Debug */,
				A834CA79253333E500656D4F /* Release */,
			);
			defaultConfigurationIsVisible = 0;
			defaultConfigurationName = Release;
		};
		A834CA7A253333E500656D4F /* Build configuration list for PBXNativeTarget "GitHub" */ = {
			isa = XCConfigurationList;
			buildConfigurations = (
				A834CA7B253333E500656D4F /* Debug */,
				A834CA7C253333E500656D4F /* Release */,
			);
			defaultConfigurationIsVisible = 0;
			defaultConfigurationName = Release;
		};
/* End XCConfigurationList section */
	};
	rootObject = A834CA5E253333E100656D4F /* Project object */;
}
